
Microsoft Visual Studio Solution File, Format Version 12.00
Project("{FAE04EC0-301F-11D3-BF4B-00C04F79EFBC}") = "NWN.Permissions", "NWN.Permissions.csproj", "{A2CB2C9F-1FA3-4D05-852B-54F48996BC09}"
EndProject
Global
	GlobalSection(SolutionConfigurationPlatforms) = preSolution
		Debug|Any CPU = Debug|Any CPU
		Release|Any CPU = Release|Any CPU
	EndGlobalSection
	GlobalSection(ProjectConfigurationPlatforms) = postSolution
		{A2CB2C9F-1FA3-4D05-852B-54F48996BC09}.Debug|Any CPU.ActiveCfg = Debug|Any CPU
		{A2CB2C9F-1FA3-4D05-852B-54F48996BC09}.Debug|Any CPU.Build.0 = Debug|Any CPU
		{A2CB2C9F-1FA3-4D05-852B-54F48996BC09}.Release|Any CPU.ActiveCfg = Release|Any CPU
		{A2CB2C9F-1FA3-4D05-852B-54F48996BC09}.Release|Any CPU.Build.0 = Release|Any CPU
	EndGlobalSection
EndGlobal
